{
    "_meta": {
        "hash": {
            "sha256": "995d8970b8d952ba2a204873c5c5cade79f66fa31fa9579aff91b5d2049820ed"
        },
        "host-environment-markers": {
            "implementation_name": "cpython",
            "implementation_version": "3.5.2",
            "os_name": "posix",
            "platform_machine": "x86_64",
            "platform_python_implementation": "CPython",
            "platform_release": "4.4.0-96-generic",
            "platform_system": "Linux",
            "platform_version": "#119-Ubuntu SMP Tue Sep 12 14:59:54 UTC 2017",
            "python_full_version": "3.5.2",
            "python_version": "3.5",
            "sys_platform": "linux"
        },
        "pipfile-spec": 6,
        "requires": {
            "python_version": "3.5"
        },
        "sources": [
            {
                "name": "pypi",
                "url": "https://pypi.python.org/simple",
                "verify_ssl": true
            }
        ]
    },
    "default": {
        "appdirs": {
            "hashes": [
                "sha256:d8b24664561d0d34ddfaec54636d502d7cea6e29c3eaf68f3df6180863e2166e",
                "sha256:9e5896d1372858f8dd3344faf4e5014d21849c756c8d5701f78f8a103b372d92"
            ],
            "version": "==1.4.3"
        },
        "backports.shutil-get-terminal-size": {
            "hashes": [
                "sha256:0975ba55054c15e346944b38956a4c9cbee9009391e41b86c68990effb8c1f64",
                "sha256:713e7a8228ae80341c70586d1cc0a8caa5207346927e23d09dcbcaf18eadec80"
            ],
            "version": "==1.0.0"
        },
        "bleach": {
            "hashes": [
                "sha256:5af0d57de7aa81d13466e9c283a5aa94fe02ff1c13b4e678839cf37db9351f6b",
                "sha256:f03041b8da8005c8bfa7f58de87a7ff59b07bb66d050ea67d2397ad14e54bb6f"
            ],
            "version": "==2.1"
        },
        "certifi": {
            "hashes": [
                "sha256:54a07c09c586b0e4c619f02a5e94e36619da8e2b053e20f594348c0611803704",
                "sha256:40523d2efb60523e113b44602298f0960e900388cf3bb6043f645cf57ea9e3f5"
            ],
            "version": "==2017.7.27.1"
        },
        "configparser": {
            "hashes": [
                "sha256:5308b47021bc2340965c371f0f058cc6971a04502638d4244225c49d80db273a"
            ],
            "version": "==3.5.0"
        },
        "dateparser": {
            "hashes": [
                "sha256:e2629d2f8361722c6047138ca085256c9f2cf5cc657fd66122aa0564afa4dc33",
                "sha256:f8c24317120b06f71691d28076764ec084a132be2a250a78fdf54f6b427cac95"
            ],
            "version": "==0.6.0"
        },
        "decorator": {
            "hashes": [
                "sha256:95a26b17806e284452bfd97fa20aa1e8cb4ee23542bda4dbac5e4562aa1642cd",
                "sha256:7cb64d38cb8002971710c8899fbdfb859a23a364b7c99dab19d1f719c2ba16b5"
            ],
            "version": "==4.1.2"
        },
        "diff-match-patch": {
            "hashes": [
                "sha256:9dba5611fbf27893347349fd51cc1911cb403682a7163373adacc565d11e2e4c"
            ],
            "version": "==20121119"
        },
        "ecdsa": {
            "hashes": [
                "sha256:40d002cf360d0e035cf2cb985e1308d41aaa087cbfc135b2dc2d844296ea546c",
                "sha256:64cf1ee26d1cde3c73c6d7d107f835fed7c6a2904aef9eac223d57ad800c43fa"
            ],
            "version": "==0.13"
        },
        "entrypoints": {
            "hashes": [
                "sha256:10ad569bb245e7e2ba425285b9fa3e8178a0dc92fc53b1e1c553805e15a8825b",
                "sha256:d2d587dde06f99545fb13a383d2cd336a8ff1f359c5839ce3a64c917d10c029f"
            ],
            "version": "==0.2.3"
        },
        "enum34": {
            "hashes": [
                "sha256:6bd0f6ad48ec2aa117d3d141940d484deccda84d4fcd884f5c3d93c23ecd8c79",
                "sha256:644837f692e5f550741432dd3f223bbb9852018674981b1664e5dc339387588a",
                "sha256:8ad8c4783bf61ded74527bffb48ed9b54166685e4230386a9ed9b1279e2df5b1",
                "sha256:2d81cbbe0e73112bdfe6ef8576f2238f2ba27dd0d55752a776c41d38b7da2850"
            ],
            "version": "==1.1.6"
        },
        "functools32": {
            "hashes": [
                "sha256:f6253dfbe0538ad2e387bd8fdfd9293c925d63553f5813c4e587745416501e6d",
                "sha256:89d824aa6c358c421a234d7f9ee0bd75933a67c29588ce50aaa3acdf4d403fa0"
            ],
            "version": "==3.2.3.post2"
        },
        "funcy": {
            "hashes": [
                "sha256:b23d76972890f4e9c7cee540f522b318548b914992015dc5823f2484d46feadf"
            ],
            "version": "==1.8"
        },
        "html5lib": {
            "hashes": [
                "sha256:08a3efc117a4fc8c82c3c6d10d6f58ae266428d57ed50258a1466d2cd88de745",
                "sha256:0d5fd54d5b2b79b876007a70c033a4023577768d18022c15681c00561432a0f9"
            ],
            "version": "==1.0b10"
        },
        "humanize": {
            "hashes": [
                "sha256:a43f57115831ac7c70de098e6ac46ac13be00d69abbf60bdcac251344785bb19"
            ],
            "version": "==0.5.1"
        },
        "ipykernel": {
            "hashes": [
                "sha256:188c786b7d1786b10214aa64089e62bb2ee54dd2aa3d17db5bb39ffacf44b21d",
                "sha256:afe2bebd8b47ac91801f13f26c228897ebd63793e7daa271921fdbc6dd719173",
                "sha256:2e1825aca4e2585b5adb7953ea16e53f53a62159ed49952a564b1e23507205db"
            ],
            "version": "==4.6.1"
        },
        "ipython": {
            "hashes": [
                "sha256:578e2f3d779ed130a3cfefc09b2eb965a81457f6a31a25cd38e0bab622d4777d",
                "sha256:185ef2093dbac6d7250fe9ed4d4dd0f18f10d0a6ac6169f3eeb2ff0663d96b92",
                "sha256:66469e894d1f09d14a1f23b971a410af131daa9ad2a19922082e02e0ddfd150f"
            ],
            "version": "==5.5.0"
        },
        "ipython-genutils": {
            "hashes": [
                "sha256:72dd37233799e619666c9f639a9da83c34013a73e8bbc79a7a6348d93c61fab8",
                "sha256:eb2e116e75ecef9d4d228fdc66af54269afa26ab4463042e33785b887c628ba8"
            ],
            "version": "==0.2.0"
        },
        "ipywidgets": {
            "hashes": [
                "sha256:3d901e185213c0f7d5cfc665ade3386d26a7dd11f20fbe058e5ab4a464263ec8",
                "sha256:8692b6656c7f492ca3b08441fdd44ac311860282ca5eac7b4f68d1f1cbdef43d"
            ],
            "version": "==7.0.1"
        },
        "jinja2": {
            "hashes": [
                "sha256:2231bace0dfd8d2bf1e5d7e41239c06c9e0ded46e70cc1094a0aa64b0afeb054",
                "sha256:ddaa01a212cd6d641401cb01b605f4a4d9f37bfc93043d7f760ec70fb99ff9ff"
            ],
            "version": "==2.9.6"
        },
        "jsonschema": {
            "hashes": [
                "sha256:000e68abd33c972a5248544925a0cae7d1125f9bf6c58280d37546b946769a08",
                "sha256:6ff5f3180870836cae40f06fa10419f557208175f13ad7bc26caa77beb1f6e02"
            ],
            "version": "==2.6.0"
        },
        "jupyter": {
            "hashes": [
                "sha256:5b290f93b98ffbc21c0c7e749f054b3267782166d72fa5e3ed1ed4eaf34a2b78",
                "sha256:d9dc4b3318f310e34c82951ea5d6683f67bed7def4b259fafbfe4f1beb1d8e5f",
                "sha256:3e1f86076bbb7c8c207829390305a2b1fe836d471ed54be66a3b8c41e7f46cc7"
            ],
            "version": "==1.0.0"
        },
        "jupyter-client": {
            "hashes": [
                "sha256:9294519538a2768f2e912dc3d82539b2b6b66d10740595b9f5bef7a8ac3d7c69",
                "sha256:08756b021765c97bc5665390700a4255c2df31666ead8bff116b368d09912aba"
            ],
            "version": "==5.1.0"
        },
        "jupyter-console": {
            "hashes": [
                "sha256:3f928b817fc82cda95e431eb4c2b5eb21be5c483c2b43f424761a966bb808094",
                "sha256:545dedd3aaaa355148093c5609f0229aeb121b4852995c2accfa64fe3e0e55cd"
            ],
            "version": "==5.2.0"
        },
        "jupyter-core": {
            "hashes": [
                "sha256:63218bb5c1c0f3bba25027e1b51cf00a71ce2a1b06d1bb4bbb6e311492790125",
                "sha256:a96b129e1641425bf057c3d46f4f44adce747a7d60107e8ad771045c36514d40"
            ],
            "version": "==4.3.0"
        },
        "langdetect": {
            "hashes": [
                "sha256:91a170d5f0ade380db809b3ba67f08e95fe6c6c8641f96d67a51ff7e98a9bf30"
            ],
            "version": "==1.0.7"
        },
        "markupsafe": {
            "hashes": [
                "sha256:a6be69091dac236ea9c6bc7d012beab42010fa914c459791d627dad4910eb665"
            ],
            "version": "==1.0"
        },
        "maya": {
            "hashes": [
                "sha256:b22d22837f921b8cbe884b6a288d9f795c58d9d9165e4a9ff80df102914e2e49",
                "sha256:bad39d8f9c6e2c8f446a2187eafbc2128aa20397787be1e4697bb29b239908f5"
            ],
            "version": "==0.3.3"
        },
        "mistune": {
            "hashes": [
                "sha256:4ee2350e750acab4c4ae2fb16197f9f27b9a4740e87ed4ad9f7ecdc987bed9bc",
                "sha256:9d21a8ad203c6d7253492518fde7e633c561fecd544301017ab4a5929452955b",
                "sha256:94b9f0c3c7f2bae302009d8bec2bb803daec8879e0ea2102630f5ea7ade2c96b",
                "sha256:8517af9f5cd1857bb83f9a23da75aa516d7538c32a2c5d5c56f3789a9e4cd22f"
            ],
            "version": "==0.7.4"
        },
        "nbconvert": {
            "hashes": [
                "sha256:260d390b989a647575b8ecae2cd06a9eaead10d396733d6e50185d5ebd08996e",
                "sha256:12b1a4671d4463ab73af6e4cbcc965b62254e05d182cd54995dda0d0ef9e2db9"
            ],
            "version": "==5.3.1"
        },
        "nbformat": {
            "hashes": [
                "sha256:b9a0dbdbd45bb034f4f8893cafd6f652ea08c8c1674ba83f2dc55d3955743b0b",
                "sha256:f7494ef0df60766b7cabe0a3651556345a963b74dbc16bc7c18479041170d402"
            ],
            "version": "==4.4.0"
        },
        "notebook": {
            "hashes": [
                "sha256:cf7094e06ab65d7cf8c43fefdf647736ef8a5da880ce4c8f351e10f888aaab9a",
                "sha256:c35fccb55250688303f6ef35c3870f6f5a8df885ff4d9e5cfe1176a87be7fdda"
            ],
            "version": "==5.1.0"
        },
        "numpy": {
            "hashes": [
                "sha256:929928932f91082a168e36984179deddd58f8e98822ad2f33a2955d7c4eec596",
                "sha256:62b09f3d1ea01d79c16a6642cb21599f53b9338c59971b2418a573155d2202ec",
                "sha256:c4b1914d86c43399438518a2ac8bcba2fb64dd5a18efddded3783b9daae70933",
                "sha256:6c6feb0647380db6e1d5d49ef9fb59c42240f25fb8df8b6e82ecb436c7e0621a",
                "sha256:da2f47e46d7a93b73891d1981378717dc73c6ad5cc4fd23c934bfea7847fa958",
                "sha256:cbba81708980340150a3eca4106e6b78a6c17a322cbe86a2c085b695d98ef0a4",
                "sha256:4c767b6d9c9a071bb36ea34eb240ee5192fe0bc4c13be5e6c51e0350a30f7ac0",
                "sha256:b2f98838f4bbc3bf23af7e97ffcad18a2dc6bbb0726796781e02b9347af6685f",
                "sha256:11fcbed36c101a3b9c4636e791efccba82409ebbedaba938c97be8bdddd029cc",
                "sha256:8969c8f987f8bcc3e30c014532cfc20e4a8f86a50c361596e086310853adacb7",
                "sha256:36a629da159a5fa9afe24f68bee13849672c878d629a0f76186a39c61f03a87e",
                "sha256:2875e8055a1ea8d933b1c9d0f8714c0aa11c097bfadfcb8564c4d868fbf09a41",
                "sha256:09b87d652c03508447d0f618e1d3ae57595acd3e0f0c11ac91bf68ed7bdb3a28",
                "sha256:9cad35b911e150f00bb8080950c7e9f172714bbd0234f5ab74b4e3e2d9288b37",
                "sha256:479863de17f66810db00bccf35289555365da45d3b053ccf539b95ab3b9c24f6",
                "sha256:c3235bc9cfdc60e572c919ce5e2b132b8ccfd37684f82f9022cd1757e463b30e",
                "sha256:b162c6b044960b4ea0f42be049ce2af1d18c60f82748f0a27bd5ad182a731bf3",
                "sha256:fa656dccfa9141774440575a6e7875d08b93f4a332eb5ae40877b26bed291c01",
                "sha256:7dfa5b49fb2a080bd0d39bfbcff1177bacb14fcb28c857fd65fd0c18938935de",
                "sha256:e8e0e75db757e41463888939d26c8058b4ecd25e563c597e9119f512dc0ee1da",
                "sha256:cd98ac0486d89613fcf634966172da460832674a8979ae01fe2e7d225110a26f",
                "sha256:c8dc6aa96882df6323bf9545934e37c6e05959bd789ae4b14d50509b093907aa",
                "sha256:36ee86d5adbabc4fa2643a073f93d5504bdfed37a149a3a49f4dde259f35a750"
            ],
            "version": "==1.13.3"
        },
        "pandocfilters": {
            "hashes": [
                "sha256:b3dd70e169bb5449e6bc6ff96aea89c5eea8c5f6ab5e207fc2f521a2cf4a0da9"
            ],
            "version": "==1.4.2"
        },
        "pathlib2": {
            "hashes": [
                "sha256:db3e43032d23787d3e9aec8c7ef1e0d2c3c589d5f303477661ebda2ca6d4bfba",
                "sha256:d32550b75a818b289bd4c1f96b60c89957811da205afcceab75bc8b4857ea5b3"
            ],
            "version": "==2.3.0"
        },
        "pendulum": {
            "hashes": [
                "sha256:f8dbd25920cb19de014a6cdd3401e00097a892779bff2c9ee86430d3c1c01afb",
                "sha256:3975c533fff06a5137facfd151ec4202192df89b4d5d2152d3c215f425452cd6",
                "sha256:e8b1f3a8b489815dd5fac150b532e1cf0bd6105b97b3b436bd12103cdbbd1eee",
                "sha256:ea71a4a8f667a986aeb7621f6d240c81d16680e87df324a5aed6cb33e16e55ec",
                "sha256:c74e0050016bc6640072df9db80f6a93c27bc126d6e0ac136e5ce4c7feefaaf1",
                "sha256:3636d598e9df74fc4e2e025ea285177dabc57d073f9a69b2ded96c91b13474cc",
                "sha256:a44313bd30ac5f5bdf08d441264c10229ef92c41948b071032b4fd26365a35f8",
                "sha256:501d843c3679da48c6eee49b3cbd6e3e36017b34e4e7b6995ca16ad974d2c738"
            ],
            "version": "==1.3.0"
        },
        "pexpect": {
            "hashes": [
                "sha256:f853b52afaf3b064d29854771e2db509ef80392509bde2dd7a6ecf2dfc3f0018",
                "sha256:3d132465a75b57aa818341c6521392a06cc660feb3988d7f1074f39bd23c9a92"
            ],
            "version": "==4.2.1"
        },
        "pickleshare": {
            "hashes": [
                "sha256:c9a2541f25aeabc070f12f452e1f2a8eae2abd51e1cd19e8430402bdf4c1d8b5",
                "sha256:84a9257227dfdd6fe1b4be1319096c20eb85ff1e82c7932f36efccfe1b09737b"
            ],
            "version": "==0.7.4"
        },
        "prettytable": {
            "hashes": [
                "sha256:853c116513625c738dc3ce1aee148b5b5757a86727e67eff6502c7ca59d43c36",
                "sha256:2d5460dc9db74a32bcc8f9f67de68b2c4f4d2f01fa3bd518764c69156d9cacd9",
                "sha256:a53da3b43d7a5c229b5e3ca2892ef982c46b7923b51e98f0db49956531211c4f"
            ],
            "version": "==0.7.2"
        },
        "prompt-toolkit": {
            "hashes": [
                "sha256:3f473ae040ddaa52b52f97f6b4a493cfa9f5920c255a12dc56a7d34397a398a4",
                "sha256:1df952620eccb399c53ebb359cc7d9a8d3a9538cb34c5a1344bdbeb29fbcc381",
                "sha256:858588f1983ca497f1cf4ffde01d978a3ea02b01c8a26a8bbc5cd2e66d816917"
            ],
            "version": "==1.0.15"
        },
        "ptyprocess": {
            "hashes": [
                "sha256:e8c43b5eee76b2083a9badde89fd1bbce6c8942d1045146e100b7b5e014f4f1a",
                "sha256:e64193f0047ad603b71f202332ab5527c5e52aa7c8b609704fc28c0dc20c4365"
            ],
            "version": "==0.5.2"
        },
        "pycrypto": {
            "hashes": [
                "sha256:f2ce1e989b272cfcb677616763e0a2e7ec659effa67a88aa92b3a65528f60a3c"
            ],
            "version": "==2.6.1"
        },
        "pygments": {
            "hashes": [
                "sha256:78f3f434bcc5d6ee09020f92ba487f95ba50f1e3ef83ae96b9d5ffa1bab25c5d",
                "sha256:dbae1046def0efb574852fab9e90209b23f556367b5a320c0bcb871c77c3e8cc"
            ],
            "version": "==2.2.0"
        },
        "pylibscrypt": {
            "hashes": [
                "sha256:b389df5760df03fa5fdda3be7738cc66f29e4edaaba695f1f44e5815f9f4b484"
            ],
            "version": "==1.6.1"
        },
        "python-dateutil": {
            "hashes": [
                "sha256:95511bae634d69bc7329ba55e646499a842bc4ec342ad54a8cdb65645a0aad3c",
                "sha256:891c38b2a02f5bb1be3e4793866c8df49c7d19baabf9c1bad62547e0b4866aca"
            ],
            "version": "==2.6.1"
        },
        "pytz": {
            "hashes": [
                "sha256:c883c2d6670042c7bc1688645cac73dd2b03193d1f7a6847b6154e96890be06d",
                "sha256:03c9962afe00e503e2d96abab4e8998a0f84d4230fa57afe1e0528473698cdd9",
                "sha256:487e7d50710661116325747a9cd1744d3323f8e49748e287bc9e659060ec6bf9",
                "sha256:43f52d4c6a0be301d53ebd867de05e2926c35728b3260157d274635a0a947f1c",
                "sha256:d1d6729c85acea5423671382868627129432fba9a89ecbb248d8d1c7a9f01c67",
                "sha256:54a935085f7bf101f86b2aff75bd9672b435f51c3339db2ff616e66845f2b8f9",
                "sha256:39504670abb5dae77f56f8eb63823937ce727d7cdd0088e6909e6dcac0f89043",
                "sha256:ddc93b6d41cfb81266a27d23a79e13805d4a5521032b512643af8729041a81b4",
                "sha256:f5c056e8f62d45ba8215e5cb8f50dfccb198b4b9fbea8500674f3443e4689589"
            ],
            "version": "==2017.2"
        },
        "pytzdata": {
            "hashes": [
                "sha256:bd19fd653f89e498f1d4f9390d96456ce26ecd293a5e7405120a5de875d3314c",
                "sha256:141c539a6b3f6040ca4728f8a85df598f60adccdfbab3ac1efe110934ce4a331"
            ],
            "version": "==2017.2.2"
        },
        "pyzmq": {
            "hashes": [
                "sha256:bf5b68eb52acb511be3e0612758a3fddb8c2557a4b49572615886721a5ec34a3",
                "sha256:f1cf9d6851889adbfc287de48869383b5d413ee8ef6273367640917fa9d0be84",
                "sha256:9c14fb9ebdb040fa73ef1bb1c240fdd4b43f04c3d2a28c1564e73af9a8afa152",
                "sha256:9e514b6b5347e71b626b92fb0bcd58d81e1448b6fd1b4f39287636018db3aa44",
                "sha256:5c50b4cbfa563bddccc2e1cc994c6d20cb3d2f2d97927e69c87414c317a12f9c",
                "sha256:9d1732a096da76c3c9c9b38ee819cd4857a827d136dc3362078f5c86246fe80a",
                "sha256:a0427e1c7792fd157bde2655148f2ece65ce5ae7d9deb040c42b28efba1494e6",
                "sha256:2c8e3137e5e67be5d65cf487ca81980f39179eea166016377d4b075ae4894537",
                "sha256:00e76f45ceb31f905b49a8690da36de4087009b876d3b17318b46c0bf9c4f208",
                "sha256:ad1930709bc5ff9f86e63fe429a4f99e5ddfb75b006463bafbfd024cb0d74c63",
                "sha256:9baa6b3d0c415c0ce1b4abe794e41605e7076b2aeb7b48d71784bbf648125103",
                "sha256:b650147d98c92cf21c3d9896d5a03fa62f5f16a7bcdb7283c74a0b85c3f2fb86",
                "sha256:868bfb8dc6b95c45ce9319f10b2e6c71f600f860783fd060fa0d8242d3f84c05",
                "sha256:2f1c5cde08368d259831b26b27e8ed1d2667238cf2e6797dd72494a8a12af136",
                "sha256:92039c0095fcadcc6baa8de5eabfd65c42c48b3f6a49f62a38660e45c4de9a84",
                "sha256:d3f3b5fd31b662f0c6543e859c2710ac176bb00e3ead0284a86db9d2da24d4c4",
                "sha256:9b0ab561b70e85ed7dff038ea59bf69e88fe5e65cb0af49c1cfa258b5d855953",
                "sha256:39f78f422730d0447e612bd0f00f02ecd84dffa8b6bebb0aca8ae8c2f01ff17d",
                "sha256:d52995526a82a0e3d89cbba0b53c13e8223a003b40913fdf7d577ebc92ecc106",
                "sha256:7722af57f44a8b12d14047b594d67ba92e3faaed2b44ad0e62adb08a3335cd61",
                "sha256:3c3471d3fd9212aff0109d9bf7825bafed9731afc57b583bc655217852a20ac1",
                "sha256:0322543fff5ab6f87d11a8a099c4c07dd8a1719040084b6ce9162bcdf5c45c9d"
            ],
            "version": "==16.0.2"
        },
        "qtconsole": {
            "hashes": [
                "sha256:b3d10314cbaad76c3157cf922eb410812cde472e8e7c6bd3d5a92d30145bcde1",
                "sha256:eff8c2faeda567a0bef5781f419a64e9977988db101652b312b9d74ec0a5109c"
            ],
            "version": "==4.3.1"
        },
        "regex": {
            "hashes": [
                "sha256:2f66aae1f85316ea11121e114005737138262213e39bee55cbba270344b7d6b6",
                "sha256:633a74730f774b995dad327cc6ff4c88c6f3a723e41c74cd85e2e062c67c3c10",
                "sha256:c8959faa9f4faef9b143ef65c12f767ece412c25336727d65ffde579ffc0e75f",
                "sha256:644a9e82a39cb3a8694fe907a589d3438d90abb937378e54db032c26061a76cb",
                "sha256:4495d2c707c31033dc7add6374b838d33ef189e7106de764b9d0c05e80cccd29",
                "sha256:38f255d20be5f1be6f436ac551600ae64e457fc8c4b0702d9e0361c2e81ba6cb",
                "sha256:43a6e5b91d3d2f9eb58710514b67209173983c44b506b83bb517f3a81365c798",
                "sha256:2063d31c28e0615bdd9b826b774fde9bf9ee653a61c868229eab6719cca1d063",
                "sha256:b95ae9b1c893e4187a57c5055bf3dc441a16097183a8bea5fcd052ebe6382293",
                "sha256:0570f49c0adbc8b3c7884af6ead0d702cb1fde15e2c1f5d577c8fbb7d9971e30",
                "sha256:7e2fb5b65a4b30571acf8e9f42fb83eecaa53a5ccbfab4d361bbdcb4de6ef30c",
                "sha256:9b7a3be54e5bef338eb6e1d8f90618a8cbc9955399aaf0354d2c5e1cfb4de8e9",
                "sha256:10eee551447686d77f8c8e0346ff9d893c9af594bb7ec3a2dcd904ef35f4e998",
                "sha256:e70d7334d22581a9d19979bbd998314affacb678da0617b1ca936203005d00cd",
                "sha256:5632e3806e5962cb257d59c61290b31e5efe14d8eb356e85d70cc601f255e95a",
                "sha256:0b8a7a609f8db94f047fed41d6cc4423620e4f2481f54973309d7d01c64766ef",
                "sha256:d273e439348ce266ff26d9552660323ac0a8609d6c8b29f68ab85143e81391a8",
                "sha256:98bf6f091b4f6b09cd302003c1ec06d9662122b456586e51bb8812eeceb5abd9",
                "sha256:80166c9e21c0171c7b502035f3ba25f43b5122def387ca6ba9706b6892fed7aa"
            ],
            "version": "==2017.9.23"
        },
        "ruamel.ordereddict": {
            "hashes": [
                "sha256:150ce8e6c514a2a2b62753622a75874962561f8e5eeec81a3172ab952807bf0b",
                "sha256:45541836cbfdde630033cae7bbbe35acbac87a0ceec79f944b7a3bedd940fe78",
                "sha256:aee2fa23e884249b4284b728888c553d551e5bfd4de2731f10153fd7813ec55f",
                "sha256:08b4b19fe518d32251a5338e039c4dc9eb0876f2919f94c9b8d2f9446ea80806",
                "sha256:bf0a198c8ce5d973c24e5dba12d3abc254996788ca6ad8448eabc6aa710db149"
            ],
            "version": "==0.4.13"
        },
        "ruamel.yaml": {
            "hashes": [
                "sha256:4bdec0b1a4a12e4a35b788ef53e0b2efd1e9f815ca48615b5244ccdbc8f0b56b",
                "sha256:6432088ef1c3cdc4b304dcec6044e560160c1f51dd0360ae3f0887057d310056",
                "sha256:64868964b64cad9103f37d0b4fc0ec950e5b683bbc47bf4a1ea893fd70aaabf0",
                "sha256:c8da0ea47df5f2dee58f6f904335ac55098b7e72303b01414ce80f37dd3091df",
                "sha256:87bdfb04981f1040ec60b1d1bfa8e7e4d89f7d06c86d4b2fa935002c62e43380",
                "sha256:c20e853cb585167fd5e4ce6e1b57fefe7bd4a61659f8fec5f77e12efa59a7a77",
                "sha256:e884979944642b4ad3222cb102a0d4c17fed2d37abfffdf0f319fae6e41d436a",
                "sha256:10493c92c0e5bd57d576d73b708ed900532846ead1b381c5236c41d0c39f5f71",
                "sha256:3127a87b274e516b3bf2058f64d784089322fddd7322f8e78e9f5380bdfee064",
                "sha256:530bec874292bacbbb80a9143e5182ce436c2a2434a2ea83dda24d30b8e572df",
                "sha256:d92d90c9bc0945223e47223a67808dd97ac9390ed914cc6871479b7ba489e607",
                "sha256:3e87114aac9553c39eea4b88e258eb7fdce39b81a2c399a775efe1f64e4f3d7b",
                "sha256:dfd14829070728159d0dac55a19e4c77514cb8ad3ae3fc2ed065d7f24038b60f",
                "sha256:2f28a3b6665697c20d841a4aee21cfb932bb0db91f293ff97daf845b914ddddb",
                "sha256:2de7bd2d5713c46be9d1d489b028178c9497813f78bd0486a31bbe1c268d7f21",
                "sha256:ddf0e1277664fafff0ae692e8ea2fca56f1ee4daf686d9be785ccdf3a9542744",
                "sha256:f1e29054c6e477963e302b007b6cd1d6c7a58c38d78fabe64fde9ce170d2d1fd"
            ],
            "version": "==0.15.34"
        },
        "scandir": {
            "hashes": [
                "sha256:eb9d4a55bbeb0473a9c7d3ff81e12d44f0ad86daff48b02a95e2398c87ff1a00",
                "sha256:f14476800cfdd6809d5130840f78ca3c08aa25544113e2b33a0b2fe914583d69",
                "sha256:8129fe7b9211d080457e0ff87397d85bb9be6ebb482b6be6ad9700059ac2e516",
                "sha256:a93b6cc872eeccdc91b4c1c1e510820bee17f79c9455064fb8d3b73b51e52024",
                "sha256:937d27e367af994afd3792904b794a82645ea9616dd336f5030e0b50e527eb57",
                "sha256:e0278a2d4bc6c0569aedbe66bf26c8ab5b2b08378b3289de49257f23ac624338"
            ],
            "version": "==1.6"
        },
        "scrypt": {
            "hashes": [
                "sha256:dc9abe69799ca423b938a06ddc33e5873e493ffcd68dbb9ba48396979b210d39",
                "sha256:4e3cd639cc83e3f2c2241a01ebef9487c48b1ddf2d78f430d82d8f9ef60c6271",
                "sha256:ae2fd88756fb4d98ccc5e2639af55eeb80863b3f9f6e0f539e5ce050964cdd5e",
                "sha256:60e8c96a287ab892d9c7e1523d157ccfbdbe66da0c31738c8ed5732c2eea6a23",
                "sha256:c0f90cabb8f6eaec05de5ce9aa9a9b67dc63d644e6b803beb1c43ae9b9452b65",
                "sha256:c37a1f8440d7c621d9f23f3c1f2a28848bc50fefbca581fd7a1b01583a083c07",
                "sha256:3422d11652cd12550540675e9fb54a1de6d60f3cbfedfb067284ef028589e2ee",
                "sha256:d4a5a4f53450b8ef629bbf1ee4be6105c69936e49b3d8bc621ac2287f0c86020",
                "sha256:6109a4df8c88f851df18a1a451e533dcc47e17cfe0e4561f4e08a82669ddc942",
                "sha256:136f7d1caf596c5ee1fc7eab223605e956c3f61f77090fd9ea4e3e57a2040b78",
                "sha256:c8909a2089fd1199781aa7ce2cb66b8866d40a9f9e1fba082e067ed9524d87e9",
                "sha256:4333b67f190e5eaddc8800aefe33abd7e81b589bbe84a84be66872a4955dad6e",
                "sha256:aeab005a8ae43a6e5d0165ce433a15955b151045d2bbfc52a8c96f100f825323",
                "sha256:bb141584fa0ebdfb8a2a1fc7ddcf119ee18b1b9cd0fb3e4df9615760648b9d49"
            ],
            "version": "==0.8.0"
        },
        "simplegeneric": {
            "hashes": [
                "sha256:dc972e06094b9af5b855b3df4a646395e43d1c9d0d39ed345b7393560d0b9173"
            ],
            "version": "==0.8.1"
        },
        "six": {
            "hashes": [
                "sha256:832dc0e10feb1aa2c68dcc57dbb658f1c7e65b9b61af69048abc87a2db00a0eb",
                "sha256:70e8a77beed4562e7f14fe23a786b54f6296e34344c23bc42f07b15018ff98e9"
            ],
            "version": "==1.11.0"
        },
        "steem": {
            "hashes": [
                "sha256:838757839412750a1032d9323f84767aa9a7642824d28277d10788da88fd0382",
                "sha256:7a1f5bb10b4c13d2002aab70cf937566ecbe9594e3ca8dbeff738de3389b5542"
            ],
            "version": "==0.18.93"
        },
        "terminado": {
            "hashes": [
                "sha256:2c0ba1f624067dccaaead7d2247cfe029806355cef124dc2ccb53c83229f0126"
            ],
            "version": "==0.6"
        },
        "testpath": {
            "hashes": [
                "sha256:039fa6a6c9fd3488f8336d23aebbfead5fa602c4a47d49d83845f55a595ec1b4",
                "sha256:0d5337839c788da5900df70f8e01015aec141aa3fe7936cb0d0a2953f7ac7609"
            ],
            "version": "==0.3.1"
        },
        "toolz": {
            "hashes": [
                "sha256:4a13c90c426001d6299c5568cf5b98e095df9c985df194008a67f84ef4fc6c50"
            ],
            "version": "==0.8.2"
        },
        "tornado": {
            "hashes": [
                "sha256:62a5d4c66bf4e86d25a02e9de97293860b59e61f9c465e80336ba0fc308aacf6",
                "sha256:f109c066411c44bcd3bc877267b45feb8e29092ede59dd0582739444c2344b00",
                "sha256:e66f47db4753c6f6849af1f82f04bdc7d2c1f5d64b7cc11ddd17230295c8887f",
                "sha256:2b40720a7b164848ca5c51fab0feac7e3717adcb87bec77f81f7809b72bf7f56",
                "sha256:1fb8e494cd46c674d86fac5885a3ff87b0e283937a47d74eb3c02a48c9e89ad0"
            ],
            "version": "==4.5.2"
        },
        "traitlets": {
            "hashes": [
                "sha256:c6cb5e6f57c5a9bdaa40fa71ce7b4af30298fbab9ece9815b5d995ab6217c7d9",
                "sha256:9c4bd2d267b7153df9152698efb1050a5d84982d3384a37b2c1f7723ba3e7835"
            ],
            "version": "==4.3.2"
        },
        "tzlocal": {
            "hashes": [
                "sha256:05a2908f7fb1ba8843f03b2360d6ad314dbf2bce4644feb702ccd38527e13059"
            ],
            "version": "==1.4"
        },
        "ujson": {
            "hashes": [
                "sha256:f66073e5506e91d204ab0c614a148d5aa938bdbf104751be66f8ad7a222f5f86"
            ],
            "version": "==1.35"
        },
        "urllib3": {
            "hashes": [
                "sha256:06330f386d6e4b195fbfc736b297f58c5a892e4440e54d294d7004e3a9bbea1b",
                "sha256:cc44da8e1145637334317feebd728bd869a35285b93cbb4cca2577da7e62db4f"
            ],
            "version": "==1.22"
        },
        "voluptuous": {
            "hashes": [
                "sha256:7a7466f8dc3666a292d186d1d871a47bf2120836ccb900d5ba904674957a2396"
            ],
            "version": "==0.10.5"
        },
        "w3lib": {
            "hashes": [
                "sha256:7b661935805b7d39afe90bb32dec8e4d20b377e74c66597eb1ddfad10071938e",
                "sha256:c48731d5d73cde86f9c3c2bd6898d165f670120427353a7c8f9d6c685561d3c4"
            ],
            "version": "==1.18.0"
        },
        "wcwidth": {
            "hashes": [
                "sha256:f4ebe71925af7b40a864553f761ed559b43544f8f71746c2d756c7fe788ade7c",
                "sha256:3df37372226d6e63e1b1e1eda15c594bca98a22d33a23832a90998faa96bc65e"
            ],
            "version": "==0.1.7"
        },
        "webencodings": {
            "hashes": [
                "sha256:a0af1213f3c2226497a97e2b3aa01a7e4bee4f403f95be16fc9acd2947514a78",
                "sha256:b36a1c245f2d304965eb4e0a82848379241dc04b865afcc4aab16748587e1923"
            ],
            "version": "==0.5.1"
        },
        "widgetsnbextension": {
            "hashes": [
                "sha256:8230e139fc70b7f1a98ce80de626182742a804fb6b3543b8ac0189b91e45255b",
                "sha256:ed242439c6407a7a9dc1aaa208198a93ef749ed1f930eba2b94ea94d49cabaa6"
            ],
            "version": "==3.0.3"
        }
    },
    "develop": {}
}
